<Solution>
  <Folder Name="/src/">
    <Project Path="src/EMKE.Application/EMKE.Application.csproj" />
    <Project Path="src/EMKE.Core/EMKE.Core.csproj" />
    <Project Path="src/EMKE.Platform/EMKE.Platform.csproj" />
    <Project Path="src/EMKE.Realtime/EMKE.Realtime.csproj" />
    <Project Path="src/EMKE.Routing/EMKE.Routing.csproj" />
    <Project Path="src/EMKE.Setup/EMKE.Setup.csproj" />
    <Project Path="src/EMKE.Windows.App/EMKE.Windows.App.csproj" />
  </Folder>
  <Folder Name="/tests/">
    <Project Path="tests/EMKE.Application.Tests/EMKE.Application.Tests.csproj" />
    <Project Path="tests/EMKE.Contract.Tests/EMKE.Contract.Tests.csproj" />
    <Project Path="tests/EMKE.Core.Tests/EMKE.Core.Tests.csproj" />
    <Project Path="tests/EMKE.Integration.Tests/EMKE.Integration.Tests.csproj" />
    <Project Path="tests/EMKE.Realtime.Tests/EMKE.Realtime.Tests.csproj" />
    <Project Path="tests/EMKE.Routing.Tests/EMKE.Routing.Tests.csproj" />
    <Project Path="tests/EMKE.SafeHandle.FinalizerProbe/EMKE.SafeHandle.FinalizerProbe.csproj" />
    <Project Path="tests/EMKE.Setup.Tests/EMKE.Setup.Tests.csproj" />
    <Project Path="tests/EMKE.Windows.App.Tests/EMKE.Windows.App.Tests.csproj" />
  </Folder>
</Solution>
