{
  "version": 1,
  "dependencies": {
    "net10.0-windows10.0.19041": {
      "emke.core": {
        "type": "Project"
      },
      "emke.realtime": {
        "type": "Project",
        "dependencies": {
          "EMKE.Core": "[1.0.0, )"
        }
      },
      "emke.routing": {
        "type": "Project",
        "dependencies": {
          "EMKE.Core": "[1.0.0, )"
        }
      }
    },
    "net10.0-windows10.0.19041/win-x64": {}
  }
}
